// !$*UTF8*$!
{
	archiveVersion = 1;
	classes = {
	};
	objectVersion = 55;
	objects = {

/* Begin PBXBuildFile section */
		4E2D0BEE28AE8B9200006797 /* InputBottomButtons.swift in Sources */ = {isa = PBXBuildFile; fileRef = 4E2D0BED28AE8B9200006797 /* InputBottomButtons.swift */; };
		4E2D0BF028AE8ED100006797 /* OutputBottomButtons.swift in Sources */ = {isa = PBXBuildFile; fileRef = 4E2D0BEF28AE8ED100006797 /* OutputBottomButtons.swift */; };
		4E2D0BF328AEA2DB00006797 /* ActivityViewController.swift in Sources */ = {isa = PBXBuildFile; fileRef = 4E2D0BF228AEA2DB00006797 /* ActivityViewController.swift */; };
		4E2D0BF528AEACE000006797 /* ContentView.swift in Sources */ = {isa = PBXBuildFile; fileRef = 4E2D0BF428AEACE000006797 /* ContentView.swift */; };
		4E4E5CC928A69D76005B5195 /* LiTranslateApp.swift in Sources */ = {isa = PBXBuildFile; fileRef = 4E4E5CC828A69D76005B5195 /* LiTranslateApp.swift */; };
		4E4E5CCB28A69D76005B5195 /* HomeView.swift in Sources */ = {isa = PBXBuildFile; fileRef = 4E4E5CCA28A69D76005B5195 /* HomeView.swift */; };
		4E4E5CCD28A69D77005B5195 /* Assets.xcassets in Resources */ = {isa = PBXBuildFile; fileRef = 4E4E5CCC28A69D77005B5195 /* Assets.xcassets */; };
		4E4E5CD028A69D77005B5195 /* Preview Assets.xcassets in Resources */ = {isa = PBXBuildFile; fileRef = 4E4E5CCF28A69D77005B5195 /* Preview Assets.xcassets */; };
		4E8E26AC28A6B3F10075598D /* ChooseLanguagesView.swift in Sources */ = {isa = PBXBuildFile; fileRef = 4E8E26AB28A6B3F10075598D /* ChooseLanguagesView.swift */; };
		4E8E26B128A6B8720075598D /* Languages.swift in Sources */ = {isa = PBXBuildFile; fileRef = 4E8E26B028A6B8720075598D /* Languages.swift */; };
		4E8E26B728A6E9BE0075598D /* SystemNames.swift in Sources */ = {isa = PBXBuildFile; fileRef = 4E8E26B628A6E9BE0075598D /* SystemNames.swift */; };
		4E8E26B928A7A2FB0075598D /* Numbers.swift in Sources */ = {isa = PBXBuildFile; fileRef = 4E8E26B828A7A2FB0075598D /* Numbers.swift */; };
		4E8E26BB28A7B92C0075598D /* OutputTranslationView.swift in Sources */ = {isa = PBXBuildFile; fileRef = 4E8E26BA28A7B92C0075598D /* OutputTranslationView.swift */; };
		4E8E26BD28A7BA770075598D /* InputTranslationView.swift in Sources */ = {isa = PBXBuildFile; fileRef = 4E8E26BC28A7BA770075598D /* InputTranslationView.swift */; };
		4E8E26C028A81B9F0075598D /* SpeechSynthesis.swift in Sources */ = {isa = PBXBuildFile; fileRef = 4E8E26BF28A81B9F0075598D /* SpeechSynthesis.swift */; };
		4E8E26C328AA7E300075598D /* LanguagesSelection.swift in Sources */ = {isa = PBXBuildFile; fileRef = 4E8E26C228AA7E300075598D /* LanguagesSelection.swift */; };
		4E8E26C528AABADD0075598D /* TranslationDecode.swift in Sources */ = {isa = PBXBuildFile; fileRef = 4E8E26C428AABADD0075598D /* TranslationDecode.swift */; };
		4E8E26C728AABAEB0075598D /* TranslationParsing.swift in Sources */ = {isa = PBXBuildFile; fileRef = 4E8E26C628AABAEB0075598D /* TranslationParsing.swift */; };
		4E8E26CA28ABB4DB0075598D /* Links.swift in Sources */ = {isa = PBXBuildFile; fileRef = 4E8E26C928ABB4DB0075598D /* Links.swift */; };
		4E8E26CC28ABD9FA0075598D /* TextData.swift in Sources */ = {isa = PBXBuildFile; fileRef = 4E8E26CB28ABD9FA0075598D /* TextData.swift */; };
		4EB16E8E28AD189200B0F205 /* ScanButton.swift in Sources */ = {isa = PBXBuildFile; fileRef = 4EB16E8D28AD189200B0F205 /* ScanButton.swift */; };
/* End PBXBuildFile section */

/* Begin PBXFileReference section */
		4E2D0BED28AE8B9200006797 /* InputBottomButtons.swift */ = {isa = PBXFileReference; lastKnownFileType = sourcecode.swift; path = InputBottomButtons.swift; sourceTree = "<group>"; };
		4E2D0BEF28AE8ED100006797 /* OutputBottomButtons.swift */ = {isa = PBXFileReference; lastKnownFileType = sourcecode.swift; path = OutputBottomButtons.swift; sourceTree = "<group>"; };
		4E2D0BF228AEA2DB00006797 /* ActivityViewController.swift */ = {isa = PBXFileReference; lastKnownFileType = sourcecode.swift; path = ActivityViewController.swift; sourceTree = "<group>"; };
		4E2D0BF428AEACE000006797 /* ContentView.swift */ = {isa = PBXFileReference; lastKnownFileType = sourcecode.swift; path = ContentView.swift; sourceTree = "<group>"; };
		4E4E5CC528A69D76005B5195 /* LiTranslate.app */ = {isa = PBXFileReference; explicitFileType = wrapper.application; includeInIndex = 0; path = LiTranslate.app; sourceTree = BUILT_PRODUCTS_DIR; };
		4E4E5CC828A69D76005B5195 /* LiTranslateApp.swift */ = {isa = PBXFileReference; lastKnownFileType = sourcecode.swift; path = LiTranslateApp.swift; sourceTree = "<group>"; };
		4E4E5CCA28A69D76005B5195 /* HomeView.swift */ = {isa = PBXFileReference; lastKnownFileType = sourcecode.swift; path = HomeView.swift; sourceTree = "<group>"; };
		4E4E5CCC28A69D77005B5195 /* Assets.xcassets */ = {isa = PBXFileReference; lastKnownFileType = folder.assetcatalog; path = Assets.xcassets; sourceTree = "<group>"; };
		4E4E5CCF28A69D77005B5195 /* Preview Assets.xcassets */ = {isa = PBXFileReference; lastKnownFileType = folder.assetcatalog; path = "Preview Assets.xcassets"; sourceTree = "<group>"; };
		4E8E26AB28A6B3F10075598D /* ChooseLanguagesView.swift */ = {isa = PBXFileReference; lastKnownFileType = sourcecode.swift; path = ChooseLanguagesView.swift; sourceTree = "<group>"; };
		4E8E26B028A6B8720075598D /* Languages.swift */ = {isa = PBXFileReference; lastKnownFileType = sourcecode.swift; path = Languages.swift; sourceTree = "<group>"; };
		4E8E26B628A6E9BE0075598D /* SystemNames.swift */ = {isa = PBXFileReference; lastKnownFileType = sourcecode.swift; path = SystemNames.swift; sourceTree = "<group>"; };
		4E8E26B828A7A2FB0075598D /* Numbers.swift */ = {isa = PBXFileReference; lastKnownFileType = sourcecode.swift; path = Numbers.swift; sourceTree = "<group>"; };
		4E8E26BA28A7B92C0075598D /* OutputTranslationView.swift */ = {isa = PBXFileReference; lastKnownFileType = sourcecode.swift; path = OutputTranslationView.swift; sourceTree = "<group>"; };
		4E8E26BC28A7BA770075598D /* InputTranslationView.swift */ = {isa = PBXFileReference; lastKnownFileType = sourcecode.swift; path = InputTranslationView.swift; sourceTree = "<group>"; };
		4E8E26BF28A81B9F0075598D /* SpeechSynthesis.swift */ = {isa = PBXFileReference; lastKnownFileType = sourcecode.swift; path = SpeechSynthesis.swift; sourceTree = "<group>"; };
		4E8E26C228AA7E300075598D /* LanguagesSelection.swift */ = {isa = PBXFileReference; lastKnownFileType = sourcecode.swift; path = LanguagesSelection.swift; sourceTree = "<group>"; };
		4E8E26C428AABADD0075598D /* TranslationDecode.swift */ = {isa = PBXFileReference; lastKnownFileType = sourcecode.swift; path = TranslationDecode.swift; sourceTree = "<group>"; };
		4E8E26C628AABAEB0075598D /* TranslationParsing.swift */ = {isa = PBXFileReference; lastKnownFileType = sourcecode.swift; path = TranslationParsing.swift; sourceTree = "<group>"; };
		4E8E26C928ABB4DB0075598D /* Links.swift */ = {isa = PBXFileReference; lastKnownFileType = sourcecode.swift; path = Links.swift; sourceTree = "<group>"; };
		4E8E26CB28ABD9FA0075598D /* TextData.swift */ = {isa = PBXFileReference; lastKnownFileType = sourcecode.swift; path = TextData.swift; sourceTree = "<group>"; };
		4EB16E8D28AD189200B0F205 /* ScanButton.swift */ = {isa = PBXFileReference; lastKnownFileType = sourcecode.swift; path = ScanButton.swift; sourceTree = "<group>"; };
/* End PBXFileReference section */

/* Begin PBXFrameworksBuildPhase section */
		4E4E5CC228A69D76005B5195 /* Frameworks */ = {
			isa = PBXFrameworksBuildPhase;
			buildActionMask = 2147483647;
			files = (
			);
			runOnlyForDeploymentPostprocessing = 0;
		};
/* End PBXFrameworksBuildPhase section */

/* Begin PBXGroup section */
		4E2D0BEC28AE8B1100006797 /* BottomButtonsPanels */ = {
			isa = PBXGroup;
			children = (
				4E2D0BEF28AE8ED100006797 /* OutputBottomButtons.swift */,
				4E2D0BED28AE8B9200006797 /* InputBottomButtons.swift */,
			);
			path = BottomButtonsPanels;
			sourceTree = "<group>";
		};
		4E2D0BF128AEA27D00006797 /* UIViewRepresantable */ = {
			isa = PBXGroup;
			children = (
				4EB16E8D28AD189200B0F205 /* ScanButton.swift */,
				4E2D0BF228AEA2DB00006797 /* ActivityViewController.swift */,
			);
			path = UIViewRepresantable;
			sourceTree = "<group>";
		};
		4E30530528A69EE3004B6B49 /* Presentation */ = {
			isa = PBXGroup;
			children = (
				4E8E26AA28A6AE780075598D /* Component */,
				4E4E5CCA28A69D76005B5195 /* HomeView.swift */,
				4E2D0BF428AEACE000006797 /* ContentView.swift */,
			);
			path = Presentation;
			sourceTree = "<group>";
		};
		4E30530728A69F09004B6B49 /* Resources */ = {
			isa = PBXGroup;
			children = (
				4E4E5CCC28A69D77005B5195 /* Assets.xcassets */,
				4E4E5CCE28A69D77005B5195 /* Preview Content */,
			);
			path = Resources;
			sourceTree = "<group>";
		};
		4E4E5CBC28A69D76005B5195 = {
			isa = PBXGroup;
			children = (
				4E4E5CC728A69D76005B5195 /* LiTranslate */,
				4E4E5CC628A69D76005B5195 /* Products */,
			);
			sourceTree = "<group>";
		};
		4E4E5CC628A69D76005B5195 /* Products */ = {
			isa = PBXGroup;
			children = (
				4E4E5CC528A69D76005B5195 /* LiTranslate.app */,
			);
			name = Products;
			sourceTree = "<group>";
		};
		4E4E5CC728A69D76005B5195 /* LiTranslate */ = {
			isa = PBXGroup;
			children = (
				4E4E5CC828A69D76005B5195 /* LiTranslateApp.swift */,
				4E8E26BE28A81B7E0075598D /* Application */,
				4E30530528A69EE3004B6B49 /* Presentation */,
				4E30530728A69F09004B6B49 /* Resources */,
				4E8E26AF28A6B8120075598D /* Constants */,
			);
			path = LiTranslate;
			sourceTree = "<group>";
		};
		4E4E5CCE28A69D77005B5195 /* Preview Content */ = {
			isa = PBXGroup;
			children = (
				4E4E5CCF28A69D77005B5195 /* Preview Assets.xcassets */,
			);
			path = "Preview Content";
			sourceTree = "<group>";
		};
		4E8E26AA28A6AE780075598D /* Component */ = {
			isa = PBXGroup;
			children = (
				4E8E26C128AA7D4A0075598D /* Languages */,
			);
			path = Component;
			sourceTree = "<group>";
		};
		4E8E26AF28A6B8120075598D /* Constants */ = {
			isa = PBXGroup;
			children = (
				4E8E26B028A6B8720075598D /* Languages.swift */,
				4E8E26B628A6E9BE0075598D /* SystemNames.swift */,
				4E8E26B828A7A2FB0075598D /* Numbers.swift */,
				4E8E26C928ABB4DB0075598D /* Links.swift */,
			);
			path = Constants;
			sourceTree = "<group>";
		};
		4E8E26BE28A81B7E0075598D /* Application */ = {
			isa = PBXGroup;
			children = (
				4E8E26C828AABAEE0075598D /* LibreTranslateAPI */,
				4E8E26BF28A81B9F0075598D /* SpeechSynthesis.swift */,
			);
			path = Application;
			sourceTree = "<group>";
		};
		4E8E26C128AA7D4A0075598D /* Languages */ = {
			isa = PBXGroup;
			children = (
				4E2D0BF128AEA27D00006797 /* UIViewRepresantable */,
				4EB16E8C28AD184300B0F205 /* ObservableObjects */,
				4E2D0BEC28AE8B1100006797 /* BottomButtonsPanels */,
				4E8E26AB28A6B3F10075598D /* ChooseLanguagesView.swift */,
				4E8E26BA28A7B92C0075598D /* OutputTranslationView.swift */,
				4E8E26BC28A7BA770075598D /* InputTranslationView.swift */,
			);
			path = Languages;
			sourceTree = "<group>";
		};
		4E8E26C828AABAEE0075598D /* LibreTranslateAPI */ = {
			isa = PBXGroup;
			children = (
				4E8E26C428AABADD0075598D /* TranslationDecode.swift */,
				4E8E26C628AABAEB0075598D /* TranslationParsing.swift */,
			);
			path = LibreTranslateAPI;
			sourceTree = "<group>";
		};
		4EB16E8C28AD184300B0F205 /* ObservableObjects */ = {
			isa = PBXGroup;
			children = (
				4E8E26CB28ABD9FA0075598D /* TextData.swift */,
				4E8E26C228AA7E300075598D /* LanguagesSelection.swift */,
			);
			path = ObservableObjects;
			sourceTree = "<group>";
		};
/* End PBXGroup section */

/* Begin PBXNativeTarget section */
		4E4E5CC428A69D76005B5195 /* LiTranslate */ = {
			isa = PBXNativeTarget;
			buildConfigurationList = 4E4E5CD328A69D77005B5195 /* Build configuration list for PBXNativeTarget "LiTranslate" */;
			buildPhases = (
				4E4E5CC128A69D76005B5195 /* Sources */,
				4E4E5CC228A69D76005B5195 /* Frameworks */,
				4E4E5CC328A69D76005B5195 /* Resources */,
			);
			buildRules = (
			);
			dependencies = (
			);
			name = LiTranslate;
			productName = LibreTranslate;
			productReference = 4E4E5CC528A69D76005B5195 /* LiTranslate.app */;
			productType = "com.apple.product-type.application";
		};
/* End PBXNativeTarget section */

/* Begin PBXProject section */
		4E4E5CBD28A69D76005B5195 /* Project object */ = {
			isa = PBXProject;
			attributes = {
				BuildIndependentTargetsInParallel = 1;
				LastSwiftUpdateCheck = 1330;
				LastUpgradeCheck = 1330;
				TargetAttributes = {
					4E4E5CC428A69D76005B5195 = {
						CreatedOnToolsVersion = 13.3.1;
					};
				};
			};
			buildConfigurationList = 4E4E5CC028A69D76005B5195 /* Build configuration list for PBXProject "LiTranslate" */;
			compatibilityVersion = "Xcode 13.0";
			developmentRegion = en;
			hasScannedForEncodings = 0;
			knownRegions = (
				en,
				Base,
			);
			mainGroup = 4E4E5CBC28A69D76005B5195;
			productRefGroup = 4E4E5CC628A69D76005B5195 /* Products */;
			projectDirPath = "";
			projectRoot = "";
			targets = (
				4E4E5CC428A69D76005B5195 /* LiTranslate */,
			);
		};
/* End PBXProject section */

/* Begin PBXResourcesBuildPhase section */
		4E4E5CC328A69D76005B5195 /* Resources */ = {
			isa = PBXResourcesBuildPhase;
			buildActionMask = 2147483647;
			files = (
				4E4E5CD028A69D77005B5195 /* Preview Assets.xcassets in Resources */,
				4E4E5CCD28A69D77005B5195 /* Assets.xcassets in Resources */,
			);
			runOnlyForDeploymentPostprocessing = 0;
		};
/* End PBXResourcesBuildPhase section */

/* Begin PBXSourcesBuildPhase section */
		4E4E5CC128A69D76005B5195 /* Sources */ = {
			isa = PBXSourcesBuildPhase;
			buildActionMask = 2147483647;
			files = (
				4E8E26C328AA7E300075598D /* LanguagesSelection.swift in Sources */,
				4E8E26BB28A7B92C0075598D /* OutputTranslationView.swift in Sources */,
				4E8E26B728A6E9BE0075598D /* SystemNames.swift in Sources */,
				4E8E26C528AABADD0075598D /* TranslationDecode.swift in Sources */,
				4E4E5CCB28A69D76005B5195 /* HomeView.swift in Sources */,
				4E8E26CA28ABB4DB0075598D /* Links.swift in Sources */,
				4E8E26CC28ABD9FA0075598D /* TextData.swift in Sources */,
				4E2D0BEE28AE8B9200006797 /* InputBottomButtons.swift in Sources */,
				4E2D0BF528AEACE000006797 /* ContentView.swift in Sources */,
				4E2D0BF028AE8ED100006797 /* OutputBottomButtons.swift in Sources */,
				4E8E26B928A7A2FB0075598D /* Numbers.swift in Sources */,
				4E4E5CC928A69D76005B5195 /* LiTranslateApp.swift in Sources */,
				4E8E26AC28A6B3F10075598D /* ChooseLanguagesView.swift in Sources */,
				4EB16E8E28AD189200B0F205 /* ScanButton.swift in Sources */,
				4E2D0BF328AEA2DB00006797 /* ActivityViewController.swift in Sources */,
				4E8E26B128A6B8720075598D /* Languages.swift in Sources */,
				4E8E26C028A81B9F0075598D /* SpeechSynthesis.swift in Sources */,
				4E8E26C728AABAEB0075598D /* TranslationParsing.swift in Sources */,
				4E8E26BD28A7BA770075598D /* InputTranslationView.swift in Sources */,
			);
			runOnlyForDeploymentPostprocessing = 0;
		};
/* End PBXSourcesBuildPhase section */

/* Begin XCBuildConfiguration section */
		4E4E5CD128A69D77005B5195 /* Debug */ = {
			isa = XCBuildConfiguration;
			buildSettings = {
				ALWAYS_SEARCH_USER_PATHS = NO;
				CLANG_ANALYZER_NONNULL = YES;
				CLANG_ANALYZER_NUMBER_OBJECT_CONVERSION = YES_AGGRESSIVE;
				CLANG_CXX_LANGUAGE_STANDARD = "gnu++17";
				CLANG_ENABLE_MODULES = YES;
				CLANG_ENABLE_OBJC_ARC = YES;
				CLANG_ENABLE_OBJC_WEAK = YES;
				CLANG_WARN_BLOCK_CAPTURE_AUTORELEASING = YES;
				CLANG_WARN_BOOL_CONVERSION = YES;
				CLANG_WARN_COMMA = YES;
				CLANG_WARN_CONSTANT_CONVERSION = YES;
				CLANG_WARN_DEPRECATED_OBJC_IMPLEMENTATIONS = YES;
				CLANG_WARN_DIRECT_OBJC_ISA_USAGE = YES_ERROR;
				CLANG_WARN_DOCUMENTATION_COMMENTS = YES;
				CLANG_WARN_EMPTY_BODY = YES;
				CLANG_WARN_ENUM_CONVERSION = YES;
				CLANG_WARN_INFINITE_RECURSION = YES;
				CLANG_WARN_INT_CONVERSION = YES;
				CLANG_WARN_NON_LITERAL_NULL_CONVERSION = YES;
				CLANG_WARN_OBJC_IMPLICIT_RETAIN_SELF = YES;
				CLANG_WARN_OBJC_LITERAL_CONVERSION = YES;
				CLANG_WARN_OBJC_ROOT_CLASS = YES_ERROR;
				CLANG_WARN_QUOTED_INCLUDE_IN_FRAMEWORK_HEADER = YES;
				CLANG_WARN_RANGE_LOOP_ANALYSIS = YES;
				CLANG_WARN_STRICT_PROTOTYPES = YES;
				CLANG_WARN_SUSPICIOUS_MOVE = YES;
				CLANG_WARN_UNGUARDED_AVAILABILITY = YES_AGGRESSIVE;
				CLANG_WARN_UNREACHABLE_CODE = YES;
				CLANG_WARN__DUPLICATE_METHOD_MATCH = YES;
				COPY_PHASE_STRIP = NO;
				DEBUG_INFORMATION_FORMAT = dwarf;
				ENABLE_STRICT_OBJC_MSGSEND = YES;
				ENABLE_TESTABILITY = YES;
				GCC_C_LANGUAGE_STANDARD = gnu11;
				GCC_DYNAMIC_NO_PIC = NO;
				GCC_NO_COMMON_BLOCKS = YES;
				GCC_OPTIMIZATION_LEVEL = 0;
				GCC_PREPROCESSOR_DEFINITIONS = (
					"DEBUG=1",
					"$(inherited)",
				);
				GCC_WARN_64_TO_32_BIT_CONVERSION = YES;
				GCC_WARN_ABOUT_RETURN_TYPE = YES_ERROR;
				GCC_WARN_UNDECLARED_SELECTOR = YES;
				GCC_WARN_UNINITIALIZED_AUTOS = YES_AGGRESSIVE;
				GCC_WARN_UNUSED_FUNCTION = YES;
				GCC_WARN_UNUSED_VARIABLE = YES;
				IPHONEOS_DEPLOYMENT_TARGET = 15.4;
				MTL_ENABLE_DEBUG_INFO = INCLUDE_SOURCE;
				MTL_FAST_MATH = YES;
				ONLY_ACTIVE_ARCH = YES;
				SDKROOT = iphoneos;
				SWIFT_ACTIVE_COMPILATION_CONDITIONS = DEBUG;
				SWIFT_OPTIMIZATION_LEVEL = "-Onone";
			};
			name = Debug;
		};
		4E4E5CD228A69D77005B5195 /* Release */ = {
			isa = XCBuildConfiguration;
			buildSettings = {
				ALWAYS_SEARCH_USER_PATHS = NO;
				CLANG_ANALYZER_NONNULL = YES;
				CLANG_ANALYZER_NUMBER_OBJECT_CONVERSION = YES_AGGRESSIVE;
				CLANG_CXX_LANGUAGE_STANDARD = "gnu++17";
				CLANG_ENABLE_MODULES = YES;
				CLANG_ENABLE_OBJC_ARC = YES;
				CLANG_ENABLE_OBJC_WEAK = YES;
				CLANG_WARN_BLOCK_CAPTURE_AUTORELEASING = YES;
				CLANG_WARN_BOOL_CONVERSION = YES;
				CLANG_WARN_COMMA = YES;
				CLANG_WARN_CONSTANT_CONVERSION = YES;
				CLANG_WARN_DEPRECATED_OBJC_IMPLEMENTATIONS = YES;
				CLANG_WARN_DIRECT_OBJC_ISA_USAGE = YES_ERROR;
				CLANG_WARN_DOCUMENTATION_COMMENTS = YES;
				CLANG_WARN_EMPTY_BODY = YES;
				CLANG_WARN_ENUM_CONVERSION = YES;
				CLANG_WARN_INFINITE_RECURSION = YES;
				CLANG_WARN_INT_CONVERSION = YES;
				CLANG_WARN_NON_LITERAL_NULL_CONVERSION = YES;
				CLANG_WARN_OBJC_IMPLICIT_RETAIN_SELF = YES;
				CLANG_WARN_OBJC_LITERAL_CONVERSION = YES;
				CLANG_WARN_OBJC_ROOT_CLASS = YES_ERROR;
				CLANG_WARN_QUOTED_INCLUDE_IN_FRAMEWORK_HEADER = YES;
				CLANG_WARN_RANGE_LOOP_ANALYSIS = YES;
				CLANG_WARN_STRICT_PROTOTYPES = YES;
				CLANG_WARN_SUSPICIOUS_MOVE = YES;
				CLANG_WARN_UNGUARDED_AVAILABILITY = YES_AGGRESSIVE;
				CLANG_WARN_UNREACHABLE_CODE = YES;
				CLANG_WARN__DUPLICATE_METHOD_MATCH = YES;
				COPY_PHASE_STRIP = NO;
				DEBUG_INFORMATION_FORMAT = "dwarf-with-dsym";
				ENABLE_NS_ASSERTIONS = NO;
				ENABLE_STRICT_OBJC_MSGSEND = YES;
				GCC_C_LANGUAGE_STANDARD = gnu11;
				GCC_NO_COMMON_BLOCKS = YES;
				GCC_WARN_64_TO_32_BIT_CONVERSION = YES;
				GCC_WARN_ABOUT_RETURN_TYPE = YES_ERROR;
				GCC_WARN_UNDECLARED_SELECTOR = YES;
				GCC_WARN_UNINITIALIZED_AUTOS = YES_AGGRESSIVE;
				GCC_WARN_UNUSED_FUNCTION = YES;
				GCC_WARN_UNUSED_VARIABLE = YES;
				IPHONEOS_DEPLOYMENT_TARGET = 15.4;
				MTL_ENABLE_DEBUG_INFO = NO;
				MTL_FAST_MATH = YES;
				SDKROOT = iphoneos;
				SWIFT_COMPILATION_MODE = wholemodule;
				SWIFT_OPTIMIZATION_LEVEL = "-O";
				VALIDATE_PRODUCT = YES;
			};
			name = Release;
		};
		4E4E5CD428A69D77005B5195 /* Debug */ = {
			isa = XCBuildConfiguration;
			buildSettings = {
				ASSETCATALOG_COMPILER_APPICON_NAME = AppIcon;
				ASSETCATALOG_COMPILER_GLOBAL_ACCENT_COLOR_NAME = AccentColor;
				CODE_SIGN_STYLE = Automatic;
				CURRENT_PROJECT_VERSION = 1;
				DEVELOPMENT_ASSET_PATHS = "\"LiTranslate/Resources/Preview Content\"";
				DEVELOPMENT_TEAM = Q4KRU37RTG;
				ENABLE_PREVIEWS = YES;
				GENERATE_INFOPLIST_FILE = YES;
				INFOPLIST_KEY_UIApplicationSceneManifest_Generation = YES;
				INFOPLIST_KEY_UIApplicationSupportsIndirectInputEvents = YES;
				INFOPLIST_KEY_UILaunchScreen_Generation = YES;
				INFOPLIST_KEY_UISupportedInterfaceOrientations = UIInterfaceOrientationPortrait;
				INFOPLIST_KEY_UISupportedInterfaceOrientations_iPad = "UIInterfaceOrientationPortrait UIInterfaceOrientationPortraitUpsideDown UIInterfaceOrientationLandscapeLeft UIInterfaceOrientationLandscapeRight";
				INFOPLIST_KEY_UISupportedInterfaceOrientations_iPhone = "UIInterfaceOrientationPortrait UIInterfaceOrientationLandscapeLeft UIInterfaceOrientationLandscapeRight";
				IPHONEOS_DEPLOYMENT_TARGET = 15.0;
				LD_RUNPATH_SEARCH_PATHS = (
					"$(inherited)",
					"@executable_path/Frameworks",
				);
				MARKETING_VERSION = 1.0;
				PRODUCT_BUNDLE_IDENTIFIER = viktorkalyniuk.LiTranslate;
				PRODUCT_NAME = LiTranslate;
				SWIFT_EMIT_LOC_STRINGS = YES;
				SWIFT_VERSION = 5.0;
				TARGETED_DEVICE_FAMILY = 1;
			};
			name = Debug;
		};
		4E4E5CD528A69D77005B5195 /* Release */ = {
			isa = XCBuildConfiguration;
			buildSettings = {
				ASSETCATALOG_COMPILER_APPICON_NAME = AppIcon;
				ASSETCATALOG_COMPILER_GLOBAL_ACCENT_COLOR_NAME = AccentColor;
				CODE_SIGN_STYLE = Automatic;
				CURRENT_PROJECT_VERSION = 1;
				DEVELOPMENT_ASSET_PATHS = "\"LiTranslate/Resources/Preview Content\"";
				DEVELOPMENT_TEAM = Q4KRU37RTG;
				ENABLE_PREVIEWS = YES;
				GENERATE_INFOPLIST_FILE = YES;
				INFOPLIST_KEY_UIApplicationSceneManifest_Generation = YES;
				INFOPLIST_KEY_UIApplicationSupportsIndirectInputEvents = YES;
				INFOPLIST_KEY_UILaunchScreen_Generation = YES;
				INFOPLIST_KEY_UISupportedInterfaceOrientations = UIInterfaceOrientationPortrait;
				INFOPLIST_KEY_UISupportedInterfaceOrientations_iPad = "UIInterfaceOrientationPortrait UIInterfaceOrientationPortraitUpsideDown UIInterfaceOrientationLandscapeLeft UIInterfaceOrientationLandscapeRight";
				INFOPLIST_KEY_UISupportedInterfaceOrientations_iPhone = "UIInterfaceOrientationPortrait UIInterfaceOrientationLandscapeLeft UIInterfaceOrientationLandscapeRight";
				IPHONEOS_DEPLOYMENT_TARGET = 15.0;
				LD_RUNPATH_SEARCH_PATHS = (
					"$(inherited)",
					"@executable_path/Frameworks",
				);
				MARKETING_VERSION = 1.0;
				PRODUCT_BUNDLE_IDENTIFIER = viktorkalyniuk.LiTranslate;
				PRODUCT_NAME = LiTranslate;
				SWIFT_EMIT_LOC_STRINGS = YES;
				SWIFT_VERSION = 5.0;
				TARGETED_DEVICE_FAMILY = 1;
			};
			name = Release;
		};
/* End XCBuildConfiguration section */

/* Begin XCConfigurationList section */
		4E4E5CC028A69D76005B5195 /* Build configuration list for PBXProject "LiTranslate" */ = {
			isa = XCConfigurationList;
			buildConfigurations = (
				4E4E5CD128A69D77005B5195 /* Debug */,
				4E4E5CD228A69D77005B5195 /* Release */,
			);
			defaultConfigurationIsVisible = 0;
			defaultConfigurationName = Release;
		};
		4E4E5CD328A69D77005B5195 /* Build configuration list for PBXNativeTarget "LiTranslate" */ = {
			isa = XCConfigurationList;
			buildConfigurations = (
				4E4E5CD428A69D77005B5195 /* Debug */,
				4E4E5CD528A69D77005B5195 /* Release */,
			);
			defaultConfigurationIsVisible = 0;
			defaultConfigurationName = Release;
		};
/* End XCConfigurationList section */
	};
	rootObject = 4E4E5CBD28A69D76005B5195 /* Project object */;
}
